
Microsoft Visual Studio Solution File, Format Version 12.00
# Visual Studio 2015
Project("{FAE04EC0-301F-11D3-BF4B-00C04F79EFBC}") = "MiroirEmpathique16-06-2017", "MiroirEmpathique16-06-2017.csproj", "{3B980687-ECEC-CCBB-92E0-68909B4093B0}"
EndProject
Project("{FAE04EC0-301F-11D3-BF4B-00C04F79EFBC}") = "MiroirEmpathique16-06-2017.Editor", "MiroirEmpathique16-06-2017.Editor.csproj", "{0117AF6F-A163-92B5-1B27-C9C4025038C7}"
EndProject
Global
	GlobalSection(SolutionConfigurationPlatforms) = preSolution
		Debug|Any CPU = Debug|Any CPU
		Release|Any CPU = Release|Any CPU
	EndGlobalSection
	GlobalSection(ProjectConfigurationPlatforms) = postSolution
		{3B980687-ECEC-CCBB-92E0-68909B4093B0}.Debug|Any CPU.ActiveCfg = Debug|Any CPU
		{3B980687-ECEC-CCBB-92E0-68909B4093B0}.Debug|Any CPU.Build.0 = Debug|Any CPU
		{3B980687-ECEC-CCBB-92E0-68909B4093B0}.Release|Any CPU.ActiveCfg = Release|Any CPU
		{3B980687-ECEC-CCBB-92E0-68909B4093B0}.Release|Any CPU.Build.0 = Release|Any CPU
		{0117AF6F-A163-92B5-1B27-C9C4025038C7}.Debug|Any CPU.ActiveCfg = Debug|Any CPU
		{0117AF6F-A163-92B5-1B27-C9C4025038C7}.Debug|Any CPU.Build.0 = Debug|Any CPU
		{0117AF6F-A163-92B5-1B27-C9C4025038C7}.Release|Any CPU.ActiveCfg = Release|Any CPU
		{0117AF6F-A163-92B5-1B27-C9C4025038C7}.Release|Any CPU.Build.0 = Release|Any CPU
	EndGlobalSection
	GlobalSection(SolutionProperties) = preSolution
		HideSolutionNode = FALSE
	EndGlobalSection
EndGlobal
